{
  "name": "backend-repo",
  "lockfileVersion": 3,
  "requires": true,
  "packages": {
    "": {
      "dependencies": {
        "shared": "file:../../packages/shared"
      }
    },
    "../../packages/shared": {
      "version": "1.0.0"
    },
    "node_modules/shared": {
      "resolved": "../../packages/shared",
      "link": true
    }
  }
}
